
Microsoft Visual Studio Solution File, Format Version 12.00
# Visual Studio Version 16
VisualStudioVersion = 16.0.32002.261
MinimumVisualStudioVersion = 10.0.40219.1
Project("{FAE04EC0-301F-11D3-BF4B-00C04F79EFBC}") = "chapter05", "chapter05\chapter05.csproj", "{0975B26C-ADAD-4444-A66C-4DA49B32F879}"
EndProject
Global
	GlobalSection(SolutionConfigurationPlatforms) = preSolution
		Debug|Any CPU = Debug|Any CPU
		Release|Any CPU = Release|Any CPU
	EndGlobalSection
	GlobalSection(ProjectConfigurationPlatforms) = postSolution
		{0975B26C-ADAD-4444-A66C-4DA49B32F879}.Debug|Any CPU.ActiveCfg = Debug|Any CPU
		{0975B26C-ADAD-4444-A66C-4DA49B32F879}.Debug|Any CPU.Build.0 = Debug|Any CPU
		{0975B26C-ADAD-4444-A66C-4DA49B32F879}.Release|Any CPU.ActiveCfg = Release|Any CPU
		{0975B26C-ADAD-4444-A66C-4DA49B32F879}.Release|Any CPU.Build.0 = Release|Any CPU
	EndGlobalSection
	GlobalSection(SolutionProperties) = preSolution
		HideSolutionNode = FALSE
	EndGlobalSection
	GlobalSection(ExtensibilityGlobals) = postSolution
		SolutionGuid = {E2617A25-779A-40C1-8CA0-F4F32C0E5F89}
	EndGlobalSection
EndGlobal
